// !$*UTF8*$!
{
	archiveVersion = 1;
	classes = {
	};
	objectVersion = 46;
	objects = {

/* Begin PBXBuildFile section */
		4983390F2B24BBA30076E91A /* ListModel.swift in Sources */ = {isa = PBXBuildFile; fileRef = 4983390D2B24BBA30076E91A /* ListModel.swift */; };
		49B6CF002BCC3A29002FD85A /* HandyJSONHelper.swift in Sources */ = {isa = PBXBuildFile; fileRef = 49B6CEF82BCC3A28002FD85A /* HandyJSONHelper.swift */; };
		49B6CF012BCC3A29002FD85A /* CXNetWorkManager.swift in Sources */ = {isa = PBXBuildFile; fileRef = 49B6CEFA2BCC3A28002FD85A /* CXNetWorkManager.swift */; };
		49B6CF022BCC3A29002FD85A /* CXRequest.swift in Sources */ = {isa = PBXBuildFile; fileRef = 49B6CEFB2BCC3A28002FD85A /* CXRequest.swift */; };
		49B6CF032BCC3A29002FD85A /* CXRequestProtocol.swift in Sources */ = {isa = PBXBuildFile; fileRef = 49B6CEFC2BCC3A28002FD85A /* CXRequestProtocol.swift */; };
		49B6CF042BCC3A29002FD85A /* CXResponse.swift in Sources */ = {isa = PBXBuildFile; fileRef = 49B6CEFD2BCC3A28002FD85A /* CXResponse.swift */; };
		49B6CF052BCC3A29002FD85A /* CXResponseResult.swift in Sources */ = {isa = PBXBuildFile; fileRef = 49B6CEFE2BCC3A28002FD85A /* CXResponseResult.swift */; };
		49C132FB2B25A153009D97F7 /* CustomOverlayViewController.swift in Sources */ = {isa = PBXBuildFile; fileRef = 49C132FA2B25A153009D97F7 /* CustomOverlayViewController.swift */; };
		607FACD61AFB9204008FA782 /* AppDelegate.swift in Sources */ = {isa = PBXBuildFile; fileRef = 607FACD51AFB9204008FA782 /* AppDelegate.swift */; };
		607FACD81AFB9204008FA782 /* ViewController.swift in Sources */ = {isa = PBXBuildFile; fileRef = 607FACD71AFB9204008FA782 /* ViewController.swift */; };
		607FACDB1AFB9204008FA782 /* Main.storyboard in Resources */ = {isa = PBXBuildFile; fileRef = 607FACD91AFB9204008FA782 /* Main.storyboard */; };
		607FACDD1AFB9204008FA782 /* Images.xcassets in Resources */ = {isa = PBXBuildFile; fileRef = 607FACDC1AFB9204008FA782 /* Images.xcassets */; };
		607FACE01AFB9204008FA782 /* LaunchScreen.xib in Resources */ = {isa = PBXBuildFile; fileRef = 607FACDE1AFB9204008FA782 /* LaunchScreen.xib */; };
		607FACEC1AFB9204008FA782 /* Tests.swift in Sources */ = {isa = PBXBuildFile; fileRef = 607FACEB1AFB9204008FA782 /* Tests.swift */; };
		790571052A73A909008D25D9 /* QuadCurveViewController.swift in Sources */ = {isa = PBXBuildFile; fileRef = 790571042A73A909008D25D9 /* QuadCurveViewController.swift */; };
		795D68522A284E840052B7C4 /* 岁月神偷.mp3 in Resources */ = {isa = PBXBuildFile; fileRef = 795D684F2A284E840052B7C4 /* 岁月神偷.mp3 */; };
		795D68532A284E840052B7C4 /* sample_320x240.mp4 in Resources */ = {isa = PBXBuildFile; fileRef = 795D68502A284E840052B7C4 /* sample_320x240.mp4 */; };
		795D68542A284E840052B7C4 /* BeautifulInWhite.aac in Resources */ = {isa = PBXBuildFile; fileRef = 795D68512A284E840052B7C4 /* BeautifulInWhite.aac */; };
		795D68582A285F580052B7C4 /* panorama_3.jpg in Resources */ = {isa = PBXBuildFile; fileRef = 795D68552A285F580052B7C4 /* panorama_3.jpg */; };
		795D68592A285F580052B7C4 /* panorama_0.jpg in Resources */ = {isa = PBXBuildFile; fileRef = 795D68562A285F580052B7C4 /* panorama_0.jpg */; };
		795D685A2A285F580052B7C4 /* panorama_1.jpg in Resources */ = {isa = PBXBuildFile; fileRef = 795D68572A285F580052B7C4 /* panorama_1.jpg */; };
		79AA18802A6F9923003FC0F3 /* .gitkeep in Resources */ = {isa = PBXBuildFile; fileRef = 79AA187D2A6F9923003FC0F3 /* .gitkeep */; };
		79AA18812A6F9923003FC0F3 /* PhotoLibraryViewController.swift in Sources */ = {isa = PBXBuildFile; fileRef = 79AA187E2A6F9923003FC0F3 /* PhotoLibraryViewController.swift */; };
		79AA18822A6F9923003FC0F3 /* TransitionViewController.swift in Sources */ = {isa = PBXBuildFile; fileRef = 79AA187F2A6F9923003FC0F3 /* TransitionViewController.swift */; };
		79AA18862A6FCF53003FC0F3 /* TransitionCollectionViewCell.swift in Sources */ = {isa = PBXBuildFile; fileRef = 79AA18842A6FCF53003FC0F3 /* TransitionCollectionViewCell.swift */; };
		79AA18872A6FCF53003FC0F3 /* TransitionCollectionViewCell.xib in Resources */ = {isa = PBXBuildFile; fileRef = 79AA18852A6FCF53003FC0F3 /* TransitionCollectionViewCell.xib */; };
		79AE5BD52A721A8300A6126F /* AlbumModel.swift in Sources */ = {isa = PBXBuildFile; fileRef = 79AE5BD42A721A8300A6126F /* AlbumModel.swift */; };
		79AE5BD72A721E4900A6126F /* LiveGiftViewController.swift in Sources */ = {isa = PBXBuildFile; fileRef = 79AE5BD62A721E4900A6126F /* LiveGiftViewController.swift */; };
		79AE5BD92A72362800A6126F /* NetworkViewController.swift in Sources */ = {isa = PBXBuildFile; fileRef = 79AE5BD82A72362800A6126F /* NetworkViewController.swift */; };
		79AE5BDC2A723E8800A6126F /* MemberModel.swift in Sources */ = {isa = PBXBuildFile; fileRef = 79AE5BDA2A723E8800A6126F /* MemberModel.swift */; };
		79AE5BDD2A723E8800A6126F /* MemberRequestEntity.swift in Sources */ = {isa = PBXBuildFile; fileRef = 79AE5BDB2A723E8800A6126F /* MemberRequestEntity.swift */; };
		79AE5BDF2A72449B00A6126F /* PermissionsViewController.swift in Sources */ = {isa = PBXBuildFile; fileRef = 79AE5BDE2A72449B00A6126F /* PermissionsViewController.swift */; };
		79AE5BE12A725B9E00A6126F /* PermissionModel.swift in Sources */ = {isa = PBXBuildFile; fileRef = 79AE5BE02A725B9E00A6126F /* PermissionModel.swift */; };
		79EBFDE92A6A4F7400242993 /* SettingsPresenter.swift in Sources */ = {isa = PBXBuildFile; fileRef = 79EBFDB02A6A4F7300242993 /* SettingsPresenter.swift */; };
		79EBFDEA2A6A4F7400242993 /* SettingsViewController.swift in Sources */ = {isa = PBXBuildFile; fileRef = 79EBFDB22A6A4F7300242993 /* SettingsViewController.swift */; };
		79EBFDEB2A6A4F7400242993 /* SettingsModel.swift in Sources */ = {isa = PBXBuildFile; fileRef = 79EBFDB42A6A4F7300242993 /* SettingsModel.swift */; };
		79EBFDEC2A6A4F7400242993 /* SettingsView.swift in Sources */ = {isa = PBXBuildFile; fileRef = 79EBFDB62A6A4F7300242993 /* SettingsView.swift */; };
		79EBFDED2A6A4F7400242993 /* SettingsConfigurator.swift in Sources */ = {isa = PBXBuildFile; fileRef = 79EBFDB72A6A4F7300242993 /* SettingsConfigurator.swift */; };
		79EBFDEE2A6A4F7400242993 /* HomeConfigurator.swift in Sources */ = {isa = PBXBuildFile; fileRef = 79EBFDB92A6A4F7300242993 /* HomeConfigurator.swift */; };
		79EBFDEF2A6A4F7400242993 /* HomePresenter.swift in Sources */ = {isa = PBXBuildFile; fileRef = 79EBFDBB2A6A4F7300242993 /* HomePresenter.swift */; };
		79EBFDF02A6A4F7400242993 /* HomeViewController.swift in Sources */ = {isa = PBXBuildFile; fileRef = 79EBFDBD2A6A4F7300242993 /* HomeViewController.swift */; };
		79EBFDF12A6A4F7400242993 /* DataModel.swift in Sources */ = {isa = PBXBuildFile; fileRef = 79EBFDBF2A6A4F7300242993 /* DataModel.swift */; };
		79EBFDF22A6A4F7400242993 /* HomeTableViewCell.swift in Sources */ = {isa = PBXBuildFile; fileRef = 79EBFDC12A6A4F7300242993 /* HomeTableViewCell.swift */; };
		79EBFDF32A6A4F7400242993 /* HomeView.swift in Sources */ = {isa = PBXBuildFile; fileRef = 79EBFDC22A6A4F7300242993 /* HomeView.swift */; };
		79EBFDF42A6A4F7400242993 /* HomeTableViewCell.xib in Resources */ = {isa = PBXBuildFile; fileRef = 79EBFDC32A6A4F7300242993 /* HomeTableViewCell.xib */; };
		79EBFDF52A6A4F7400242993 /* TabBarController.swift in Sources */ = {isa = PBXBuildFile; fileRef = 79EBFDC52A6A4F7300242993 /* TabBarController.swift */; };
		79EBFDF62A6A4F7400242993 /* DefaultURLSession.swift in Sources */ = {isa = PBXBuildFile; fileRef = 79EBFDC72A6A4F7300242993 /* DefaultURLSession.swift */; };
		79EBFDF72A6A4F7400242993 /* ApiClient.swift in Sources */ = {isa = PBXBuildFile; fileRef = 79EBFDC82A6A4F7300242993 /* ApiClient.swift */; };
		79EBFDF82A6A4F7400242993 /* Result.swift in Sources */ = {isa = PBXBuildFile; fileRef = 79EBFDC92A6A4F7300242993 /* Result.swift */; };
		79EBFDF92A6A4F7400242993 /* JSON.swift in Sources */ = {isa = PBXBuildFile; fileRef = 79EBFDCA2A6A4F7300242993 /* JSON.swift */; };
		79EBFDFA2A6A4F7400242993 /* ApiResponse.swift in Sources */ = {isa = PBXBuildFile; fileRef = 79EBFDCB2A6A4F7300242993 /* ApiResponse.swift */; };
		79EBFDFB2A6A4F7400242993 /* URLSessionStub.swift in Sources */ = {isa = PBXBuildFile; fileRef = 79EBFDCC2A6A4F7300242993 /* URLSessionStub.swift */; };
		79EBFDFE2A6A4F7400242993 /* MineConfigurator.swift in Sources */ = {isa = PBXBuildFile; fileRef = 79EBFDD32A6A4F7300242993 /* MineConfigurator.swift */; };
		79EBFDFF2A6A4F7400242993 /* MinePresenter.swift in Sources */ = {isa = PBXBuildFile; fileRef = 79EBFDD52A6A4F7300242993 /* MinePresenter.swift */; };
		79EBFE002A6A4F7400242993 /* MineViewController.swift in Sources */ = {isa = PBXBuildFile; fileRef = 79EBFDD72A6A4F7300242993 /* MineViewController.swift */; };
		79EBFE012A6A4F7400242993 /* MineModel.swift in Sources */ = {isa = PBXBuildFile; fileRef = 79EBFDD92A6A4F7300242993 /* MineModel.swift */; };
		79EBFE022A6A4F7400242993 /* MineView.swift in Sources */ = {isa = PBXBuildFile; fileRef = 79EBFDDB2A6A4F7300242993 /* MineView.swift */; };
		79EBFE032A6A4F7400242993 /* VPlayerController.swift in Sources */ = {isa = PBXBuildFile; fileRef = 79EBFDDD2A6A4F7300242993 /* VPlayerController.swift */; };
		79EBFE042A6A4F7400242993 /* BasePresenter.swift in Sources */ = {isa = PBXBuildFile; fileRef = 79EBFDE02A6A4F7300242993 /* BasePresenter.swift */; };
		79EBFE052A6A4F7400242993 /* BaseViewController.swift in Sources */ = {isa = PBXBuildFile; fileRef = 79EBFDE22A6A4F7300242993 /* BaseViewController.swift */; };
		79EBFE062A6A4F7400242993 /* BaseModel.swift in Sources */ = {isa = PBXBuildFile; fileRef = 79EBFDE42A6A4F7300242993 /* BaseModel.swift */; };
		79EBFE072A6A4F7400242993 /* BaseView.swift in Sources */ = {isa = PBXBuildFile; fileRef = 79EBFDE62A6A4F7300242993 /* BaseView.swift */; };
		79EBFE082A6A4F7400242993 /* Configurator.swift in Sources */ = {isa = PBXBuildFile; fileRef = 79EBFDE82A6A4F7300242993 /* Configurator.swift */; };
		79EBFE0C2A6A6E7500242993 /* EmptyDataViewController.swift in Sources */ = {isa = PBXBuildFile; fileRef = 79EBFE0A2A6A6E7500242993 /* EmptyDataViewController.swift */; };
		79EBFE0D2A6A6E7500242993 /* DeviceInfoViewController.swift in Sources */ = {isa = PBXBuildFile; fileRef = 79EBFE0B2A6A6E7500242993 /* DeviceInfoViewController.swift */; };
		79EBFE0F2A6A802E00242993 /* SvgaViewController.swift in Sources */ = {isa = PBXBuildFile; fileRef = 79EBFE0E2A6A802E00242993 /* SvgaViewController.swift */; };
		79EBFE142A6A80F100242993 /* Rocket.svga in Resources */ = {isa = PBXBuildFile; fileRef = 79EBFE112A6A80F100242993 /* Rocket.svga */; };
		79EBFE152A6A80F100242993 /* heartbeat.svga in Resources */ = {isa = PBXBuildFile; fileRef = 79EBFE122A6A80F100242993 /* heartbeat.svga */; };
		79EBFE162A6A80F100242993 /* rose_2.0.0.svga in Resources */ = {isa = PBXBuildFile; fileRef = 79EBFE132A6A80F100242993 /* rose_2.0.0.svga */; };
		79F08FF32A70EB2600E1E46C /* NetworkReachability.swift in Sources */ = {isa = PBXBuildFile; fileRef = 79F08FF22A70EB2600E1E46C /* NetworkReachability.swift */; };
		79F08FF52A70F38700E1E46C /* DocumentPickerController.swift in Sources */ = {isa = PBXBuildFile; fileRef = 79F08FF42A70F38700E1E46C /* DocumentPickerController.swift */; };
		79F090072A71093600E1E46C /* DocumentModel.swift in Sources */ = {isa = PBXBuildFile; fileRef = 79F090062A71093600E1E46C /* DocumentModel.swift */; };
		79F0900C2A711D8500E1E46C /* OverlayViewController.swift in Sources */ = {isa = PBXBuildFile; fileRef = 79F0900B2A711D8500E1E46C /* OverlayViewController.swift */; };
		9C1F5A54FE4021A3C1500DB8 /* Pods_CXSwiftKit_Tests.framework in Frameworks */ = {isa = PBXBuildFile; fileRef = ADAA609F59616F7C42E66DEC /* Pods_CXSwiftKit_Tests.framework */; };
		BEDA235EC2E9C680924CF4A1 /* Pods_CXSwiftKit_Example.framework in Frameworks */ = {isa = PBXBuildFile; fileRef = 602685A8AB27453ECB711000 /* Pods_CXSwiftKit_Example.framework */; };
/* End PBXBuildFile section */

/* Begin PBXContainerItemProxy section */
		607FACE61AFB9204008FA782 /* PBXContainerItemProxy */ = {
			isa = PBXContainerItemProxy;
			containerPortal = 607FACC81AFB9204008FA782 /* Project object */;
			proxyType = 1;
			remoteGlobalIDString = 607FACCF1AFB9204008FA782;
			remoteInfo = CXSwiftKit;
		};
/* End PBXContainerItemProxy section */

/* Begin PBXFileReference section */
		0E5E5D228A2BD536134332C6 /* Pods-CXSwiftKit_Example.debug.xcconfig */ = {isa = PBXFileReference; includeInIndex = 1; lastKnownFileType = text.xcconfig; name = "Pods-CXSwiftKit_Example.debug.xcconfig"; path = "Target Support Files/Pods-CXSwiftKit_Example/Pods-CXSwiftKit_Example.debug.xcconfig"; sourceTree = "<group>"; };
		2847EF40D8473230FB01DC52 /* README.md */ = {isa = PBXFileReference; includeInIndex = 1; lastKnownFileType = net.daringfireball.markdown; name = README.md; path = ../README.md; sourceTree = "<group>"; };
		4983390D2B24BBA30076E91A /* ListModel.swift */ = {isa = PBXFileReference; fileEncoding = 4; lastKnownFileType = sourcecode.swift; path = ListModel.swift; sourceTree = "<group>"; };
		498339112B24C67B0076E91A /* CXSwiftKit_Example.entitlements */ = {isa = PBXFileReference; lastKnownFileType = text.plist.entitlements; path = CXSwiftKit_Example.entitlements; sourceTree = "<group>"; };
		49B6CEF82BCC3A28002FD85A /* HandyJSONHelper.swift */ = {isa = PBXFileReference; fileEncoding = 4; lastKnownFileType = sourcecode.swift; path = HandyJSONHelper.swift; sourceTree = "<group>"; };
		49B6CEFA2BCC3A28002FD85A /* CXNetWorkManager.swift */ = {isa = PBXFileReference; fileEncoding = 4; lastKnownFileType = sourcecode.swift; path = CXNetWorkManager.swift; sourceTree = "<group>"; };
		49B6CEFB2BCC3A28002FD85A /* CXRequest.swift */ = {isa = PBXFileReference; fileEncoding = 4; lastKnownFileType = sourcecode.swift; path = CXRequest.swift; sourceTree = "<group>"; };
		49B6CEFC2BCC3A28002FD85A /* CXRequestProtocol.swift */ = {isa = PBXFileReference; fileEncoding = 4; lastKnownFileType = sourcecode.swift; path = CXRequestProtocol.swift; sourceTree = "<group>"; };
		49B6CEFD2BCC3A28002FD85A /* CXResponse.swift */ = {isa = PBXFileReference; fileEncoding = 4; lastKnownFileType = sourcecode.swift; path = CXResponse.swift; sourceTree = "<group>"; };
		49B6CEFE2BCC3A28002FD85A /* CXResponseResult.swift */ = {isa = PBXFileReference; fileEncoding = 4; lastKnownFileType = sourcecode.swift; path = CXResponseResult.swift; sourceTree = "<group>"; };
		49C132FA2B25A153009D97F7 /* CustomOverlayViewController.swift */ = {isa = PBXFileReference; fileEncoding = 4; lastKnownFileType = sourcecode.swift; path = CustomOverlayViewController.swift; sourceTree = "<group>"; };
		602685A8AB27453ECB711000 /* Pods_CXSwiftKit_Example.framework */ = {isa = PBXFileReference; explicitFileType = wrapper.framework; includeInIndex = 0; path = Pods_CXSwiftKit_Example.framework; sourceTree = BUILT_PRODUCTS_DIR; };
		607FACD01AFB9204008FA782 /* CXSwiftKit_Example.app */ = {isa = PBXFileReference; explicitFileType = wrapper.application; includeInIndex = 0; path = CXSwiftKit_Example.app; sourceTree = BUILT_PRODUCTS_DIR; };
		607FACD41AFB9204008FA782 /* Info.plist */ = {isa = PBXFileReference; lastKnownFileType = text.plist.xml; path = Info.plist; sourceTree = "<group>"; };
		607FACD51AFB9204008FA782 /* AppDelegate.swift */ = {isa = PBXFileReference; lastKnownFileType = sourcecode.swift; path = AppDelegate.swift; sourceTree = "<group>"; };
		607FACD71AFB9204008FA782 /* ViewController.swift */ = {isa = PBXFileReference; lastKnownFileType = sourcecode.swift; path = ViewController.swift; sourceTree = "<group>"; };
		607FACDA1AFB9204008FA782 /* Base */ = {isa = PBXFileReference; lastKnownFileType = file.storyboard; name = Base; path = Base.lproj/Main.storyboard; sourceTree = "<group>"; };
		607FACDC1AFB9204008FA782 /* Images.xcassets */ = {isa = PBXFileReference; lastKnownFileType = folder.assetcatalog; path = Images.xcassets; sourceTree = "<group>"; };
		607FACDF1AFB9204008FA782 /* Base */ = {isa = PBXFileReference; lastKnownFileType = file.xib; name = Base; path = Base.lproj/LaunchScreen.xib; sourceTree = "<group>"; };
		607FACE51AFB9204008FA782 /* CXSwiftKit_Tests.xctest */ = {isa = PBXFileReference; explicitFileType = wrapper.cfbundle; includeInIndex = 0; path = CXSwiftKit_Tests.xctest; sourceTree = BUILT_PRODUCTS_DIR; };
		607FACEA1AFB9204008FA782 /* Info.plist */ = {isa = PBXFileReference; lastKnownFileType = text.plist.xml; path = Info.plist; sourceTree = "<group>"; };
		607FACEB1AFB9204008FA782 /* Tests.swift */ = {isa = PBXFileReference; lastKnownFileType = sourcecode.swift; path = Tests.swift; sourceTree = "<group>"; };
		6545D8A63F03BE22F910D553 /* Pods-CXSwiftKit_Tests.debug.xcconfig */ = {isa = PBXFileReference; includeInIndex = 1; lastKnownFileType = text.xcconfig; name = "Pods-CXSwiftKit_Tests.debug.xcconfig"; path = "Target Support Files/Pods-CXSwiftKit_Tests/Pods-CXSwiftKit_Tests.debug.xcconfig"; sourceTree = "<group>"; };
		74CDDAC5C9E81B7F844AC099 /* Pods-CXSwiftKit_Example.release.xcconfig */ = {isa = PBXFileReference; includeInIndex = 1; lastKnownFileType = text.xcconfig; name = "Pods-CXSwiftKit_Example.release.xcconfig"; path = "Target Support Files/Pods-CXSwiftKit_Example/Pods-CXSwiftKit_Example.release.xcconfig"; sourceTree = "<group>"; };
		790571042A73A909008D25D9 /* QuadCurveViewController.swift */ = {isa = PBXFileReference; fileEncoding = 4; lastKnownFileType = sourcecode.swift; path = QuadCurveViewController.swift; sourceTree = "<group>"; };
		795D684F2A284E840052B7C4 /* 岁月神偷.mp3 */ = {isa = PBXFileReference; lastKnownFileType = audio.mp3; path = "岁月神偷.mp3"; sourceTree = "<group>"; };
		795D68502A284E840052B7C4 /* sample_320x240.mp4 */ = {isa = PBXFileReference; lastKnownFileType = file; path = sample_320x240.mp4; sourceTree = "<group>"; };
		795D68512A284E840052B7C4 /* BeautifulInWhite.aac */ = {isa = PBXFileReference; lastKnownFileType = file; path = BeautifulInWhite.aac; sourceTree = "<group>"; };
		795D68552A285F580052B7C4 /* panorama_3.jpg */ = {isa = PBXFileReference; lastKnownFileType = image.jpeg; path = panorama_3.jpg; sourceTree = "<group>"; };
		795D68562A285F580052B7C4 /* panorama_0.jpg */ = {isa = PBXFileReference; lastKnownFileType = image.jpeg; path = panorama_0.jpg; sourceTree = "<group>"; };
		795D68572A285F580052B7C4 /* panorama_1.jpg */ = {isa = PBXFileReference; lastKnownFileType = image.jpeg; path = panorama_1.jpg; sourceTree = "<group>"; };
		79AA187D2A6F9923003FC0F3 /* .gitkeep */ = {isa = PBXFileReference; fileEncoding = 4; lastKnownFileType = text; path = .gitkeep; sourceTree = "<group>"; };
		79AA187E2A6F9923003FC0F3 /* PhotoLibraryViewController.swift */ = {isa = PBXFileReference; fileEncoding = 4; lastKnownFileType = sourcecode.swift; path = PhotoLibraryViewController.swift; sourceTree = "<group>"; };
		79AA187F2A6F9923003FC0F3 /* TransitionViewController.swift */ = {isa = PBXFileReference; fileEncoding = 4; lastKnownFileType = sourcecode.swift; path = TransitionViewController.swift; sourceTree = "<group>"; };
		79AA18842A6FCF53003FC0F3 /* TransitionCollectionViewCell.swift */ = {isa = PBXFileReference; lastKnownFileType = sourcecode.swift; path = TransitionCollectionViewCell.swift; sourceTree = "<group>"; };
		79AA18852A6FCF53003FC0F3 /* TransitionCollectionViewCell.xib */ = {isa = PBXFileReference; lastKnownFileType = file.xib; path = TransitionCollectionViewCell.xib; sourceTree = "<group>"; };
		79AE5BD42A721A8300A6126F /* AlbumModel.swift */ = {isa = PBXFileReference; fileEncoding = 4; lastKnownFileType = sourcecode.swift; path = AlbumModel.swift; sourceTree = "<group>"; };
		79AE5BD62A721E4900A6126F /* LiveGiftViewController.swift */ = {isa = PBXFileReference; fileEncoding = 4; lastKnownFileType = sourcecode.swift; path = LiveGiftViewController.swift; sourceTree = "<group>"; };
		79AE5BD82A72362800A6126F /* NetworkViewController.swift */ = {isa = PBXFileReference; fileEncoding = 4; lastKnownFileType = sourcecode.swift; path = NetworkViewController.swift; sourceTree = "<group>"; };
		79AE5BDA2A723E8800A6126F /* MemberModel.swift */ = {isa = PBXFileReference; fileEncoding = 4; lastKnownFileType = sourcecode.swift; path = MemberModel.swift; sourceTree = "<group>"; };
		79AE5BDB2A723E8800A6126F /* MemberRequestEntity.swift */ = {isa = PBXFileReference; fileEncoding = 4; lastKnownFileType = sourcecode.swift; path = MemberRequestEntity.swift; sourceTree = "<group>"; };
		79AE5BDE2A72449B00A6126F /* PermissionsViewController.swift */ = {isa = PBXFileReference; fileEncoding = 4; lastKnownFileType = sourcecode.swift; path = PermissionsViewController.swift; sourceTree = "<group>"; };
		79AE5BE02A725B9E00A6126F /* PermissionModel.swift */ = {isa = PBXFileReference; fileEncoding = 4; lastKnownFileType = sourcecode.swift; path = PermissionModel.swift; sourceTree = "<group>"; };
		79B0314A2A64E56200FC85C8 /* CXSKE-Bridging-Header.h */ = {isa = PBXFileReference; lastKnownFileType = sourcecode.c.h; path = "CXSKE-Bridging-Header.h"; sourceTree = "<group>"; };
		79EBFDB02A6A4F7300242993 /* SettingsPresenter.swift */ = {isa = PBXFileReference; fileEncoding = 4; lastKnownFileType = sourcecode.swift; path = SettingsPresenter.swift; sourceTree = "<group>"; };
		79EBFDB22A6A4F7300242993 /* SettingsViewController.swift */ = {isa = PBXFileReference; fileEncoding = 4; lastKnownFileType = sourcecode.swift; path = SettingsViewController.swift; sourceTree = "<group>"; };
		79EBFDB42A6A4F7300242993 /* SettingsModel.swift */ = {isa = PBXFileReference; fileEncoding = 4; lastKnownFileType = sourcecode.swift; path = SettingsModel.swift; sourceTree = "<group>"; };
		79EBFDB62A6A4F7300242993 /* SettingsView.swift */ = {isa = PBXFileReference; fileEncoding = 4; lastKnownFileType = sourcecode.swift; path = SettingsView.swift; sourceTree = "<group>"; };
		79EBFDB72A6A4F7300242993 /* SettingsConfigurator.swift */ = {isa = PBXFileReference; fileEncoding = 4; lastKnownFileType = sourcecode.swift; path = SettingsConfigurator.swift; sourceTree = "<group>"; };
		79EBFDB92A6A4F7300242993 /* HomeConfigurator.swift */ = {isa = PBXFileReference; fileEncoding = 4; lastKnownFileType = sourcecode.swift; path = HomeConfigurator.swift; sourceTree = "<group>"; };
		79EBFDBB2A6A4F7300242993 /* HomePresenter.swift */ = {isa = PBXFileReference; fileEncoding = 4; lastKnownFileType = sourcecode.swift; path = HomePresenter.swift; sourceTree = "<group>"; };
		79EBFDBD2A6A4F7300242993 /* HomeViewController.swift */ = {isa = PBXFileReference; fileEncoding = 4; lastKnownFileType = sourcecode.swift; path = HomeViewController.swift; sourceTree = "<group>"; };
		79EBFDBF2A6A4F7300242993 /* DataModel.swift */ = {isa = PBXFileReference; fileEncoding = 4; lastKnownFileType = sourcecode.swift; path = DataModel.swift; sourceTree = "<group>"; };
		79EBFDC12A6A4F7300242993 /* HomeTableViewCell.swift */ = {isa = PBXFileReference; fileEncoding = 4; lastKnownFileType = sourcecode.swift; path = HomeTableViewCell.swift; sourceTree = "<group>"; };
		79EBFDC22A6A4F7300242993 /* HomeView.swift */ = {isa = PBXFileReference; fileEncoding = 4; lastKnownFileType = sourcecode.swift; path = HomeView.swift; sourceTree = "<group>"; };
		79EBFDC32A6A4F7300242993 /* HomeTableViewCell.xib */ = {isa = PBXFileReference; fileEncoding = 4; lastKnownFileType = file.xib; path = HomeTableViewCell.xib; sourceTree = "<group>"; };
		79EBFDC52A6A4F7300242993 /* TabBarController.swift */ = {isa = PBXFileReference; fileEncoding = 4; lastKnownFileType = sourcecode.swift; path = TabBarController.swift; sourceTree = "<group>"; };
		79EBFDC72A6A4F7300242993 /* DefaultURLSession.swift */ = {isa = PBXFileReference; fileEncoding = 4; lastKnownFileType = sourcecode.swift; path = DefaultURLSession.swift; sourceTree = "<group>"; };
		79EBFDC82A6A4F7300242993 /* ApiClient.swift */ = {isa = PBXFileReference; fileEncoding = 4; lastKnownFileType = sourcecode.swift; path = ApiClient.swift; sourceTree = "<group>"; };
		79EBFDC92A6A4F7300242993 /* Result.swift */ = {isa = PBXFileReference; fileEncoding = 4; lastKnownFileType = sourcecode.swift; path = Result.swift; sourceTree = "<group>"; };
		79EBFDCA2A6A4F7300242993 /* JSON.swift */ = {isa = PBXFileReference; fileEncoding = 4; lastKnownFileType = sourcecode.swift; path = JSON.swift; sourceTree = "<group>"; };
		79EBFDCB2A6A4F7300242993 /* ApiResponse.swift */ = {isa = PBXFileReference; fileEncoding = 4; lastKnownFileType = sourcecode.swift; path = ApiResponse.swift; sourceTree = "<group>"; };
		79EBFDCC2A6A4F7300242993 /* URLSessionStub.swift */ = {isa = PBXFileReference; fileEncoding = 4; lastKnownFileType = sourcecode.swift; path = URLSessionStub.swift; sourceTree = "<group>"; };
		79EBFDD32A6A4F7300242993 /* MineConfigurator.swift */ = {isa = PBXFileReference; fileEncoding = 4; lastKnownFileType = sourcecode.swift; path = MineConfigurator.swift; sourceTree = "<group>"; };
		79EBFDD52A6A4F7300242993 /* MinePresenter.swift */ = {isa = PBXFileReference; fileEncoding = 4; lastKnownFileType = sourcecode.swift; path = MinePresenter.swift; sourceTree = "<group>"; };
		79EBFDD72A6A4F7300242993 /* MineViewController.swift */ = {isa = PBXFileReference; fileEncoding = 4; lastKnownFileType = sourcecode.swift; path = MineViewController.swift; sourceTree = "<group>"; };
		79EBFDD92A6A4F7300242993 /* MineModel.swift */ = {isa = PBXFileReference; fileEncoding = 4; lastKnownFileType = sourcecode.swift; path = MineModel.swift; sourceTree = "<group>"; };
		79EBFDDB2A6A4F7300242993 /* MineView.swift */ = {isa = PBXFileReference; fileEncoding = 4; lastKnownFileType = sourcecode.swift; path = MineView.swift; sourceTree = "<group>"; };
		79EBFDDD2A6A4F7300242993 /* VPlayerController.swift */ = {isa = PBXFileReference; fileEncoding = 4; lastKnownFileType = sourcecode.swift; path = VPlayerController.swift; sourceTree = "<group>"; };
		79EBFDE02A6A4F7300242993 /* BasePresenter.swift */ = {isa = PBXFileReference; fileEncoding = 4; lastKnownFileType = sourcecode.swift; path = BasePresenter.swift; sourceTree = "<group>"; };
		79EBFDE22A6A4F7300242993 /* BaseViewController.swift */ = {isa = PBXFileReference; fileEncoding = 4; lastKnownFileType = sourcecode.swift; path = BaseViewController.swift; sourceTree = "<group>"; };
		79EBFDE42A6A4F7300242993 /* BaseModel.swift */ = {isa = PBXFileReference; fileEncoding = 4; lastKnownFileType = sourcecode.swift; path = BaseModel.swift; sourceTree = "<group>"; };
		79EBFDE62A6A4F7300242993 /* BaseView.swift */ = {isa = PBXFileReference; fileEncoding = 4; lastKnownFileType = sourcecode.swift; path = BaseView.swift; sourceTree = "<group>"; };
		79EBFDE82A6A4F7300242993 /* Configurator.swift */ = {isa = PBXFileReference; fileEncoding = 4; lastKnownFileType = sourcecode.swift; path = Configurator.swift; sourceTree = "<group>"; };
		79EBFE0A2A6A6E7500242993 /* EmptyDataViewController.swift */ = {isa = PBXFileReference; fileEncoding = 4; lastKnownFileType = sourcecode.swift; path = EmptyDataViewController.swift; sourceTree = "<group>"; };
		79EBFE0B2A6A6E7500242993 /* DeviceInfoViewController.swift */ = {isa = PBXFileReference; fileEncoding = 4; lastKnownFileType = sourcecode.swift; path = DeviceInfoViewController.swift; sourceTree = "<group>"; };
		79EBFE0E2A6A802E00242993 /* SvgaViewController.swift */ = {isa = PBXFileReference; fileEncoding = 4; lastKnownFileType = sourcecode.swift; path = SvgaViewController.swift; sourceTree = "<group>"; };
		79EBFE112A6A80F100242993 /* Rocket.svga */ = {isa = PBXFileReference; lastKnownFileType = file; path = Rocket.svga; sourceTree = "<group>"; };
		79EBFE122A6A80F100242993 /* heartbeat.svga */ = {isa = PBXFileReference; lastKnownFileType = file; path = heartbeat.svga; sourceTree = "<group>"; };
		79EBFE132A6A80F100242993 /* rose_2.0.0.svga */ = {isa = PBXFileReference; lastKnownFileType = file; path = rose_2.0.0.svga; sourceTree = "<group>"; };
		79F08FF22A70EB2600E1E46C /* NetworkReachability.swift */ = {isa = PBXFileReference; lastKnownFileType = sourcecode.swift; path = NetworkReachability.swift; sourceTree = "<group>"; };
		79F08FF42A70F38700E1E46C /* DocumentPickerController.swift */ = {isa = PBXFileReference; fileEncoding = 4; lastKnownFileType = sourcecode.swift; path = DocumentPickerController.swift; sourceTree = "<group>"; };
		79F090062A71093600E1E46C /* DocumentModel.swift */ = {isa = PBXFileReference; lastKnownFileType = sourcecode.swift; path = DocumentModel.swift; sourceTree = "<group>"; };
		79F0900B2A711D8500E1E46C /* OverlayViewController.swift */ = {isa = PBXFileReference; fileEncoding = 4; lastKnownFileType = sourcecode.swift; path = OverlayViewController.swift; sourceTree = "<group>"; };
		A5B7B73DF2AABE01658810DF /* Pods-CXSwiftKit_Tests.release.xcconfig */ = {isa = PBXFileReference; includeInIndex = 1; lastKnownFileType = text.xcconfig; name = "Pods-CXSwiftKit_Tests.release.xcconfig"; path = "Target Support Files/Pods-CXSwiftKit_Tests/Pods-CXSwiftKit_Tests.release.xcconfig"; sourceTree = "<group>"; };
		ADAA609F59616F7C42E66DEC /* Pods_CXSwiftKit_Tests.framework */ = {isa = PBXFileReference; explicitFileType = wrapper.framework; includeInIndex = 0; path = Pods_CXSwiftKit_Tests.framework; sourceTree = BUILT_PRODUCTS_DIR; };
		E8197D471E76EAF5A5BA8FB1 /* CXSwiftKit.podspec */ = {isa = PBXFileReference; includeInIndex = 1; lastKnownFileType = text; name = CXSwiftKit.podspec; path = ../CXSwiftKit.podspec; sourceTree = "<group>"; xcLanguageSpecificationIdentifier = xcode.lang.ruby; };
		E8AB1DB8FFC25E06F1A95D1E /* LICENSE */ = {isa = PBXFileReference; includeInIndex = 1; lastKnownFileType = text; name = LICENSE; path = ../LICENSE; sourceTree = "<group>"; };
/* End PBXFileReference section */

/* Begin PBXFrameworksBuildPhase section */
		607FACCD1AFB9204008FA782 /* Frameworks */ = {
			isa = PBXFrameworksBuildPhase;
			buildActionMask = 2147483647;
			files = (
				BEDA235EC2E9C680924CF4A1 /* Pods_CXSwiftKit_Example.framework in Frameworks */,
			);
			runOnlyForDeploymentPostprocessing = 0;
		};
		607FACE21AFB9204008FA782 /* Frameworks */ = {
			isa = PBXFrameworksBuildPhase;
			buildActionMask = 2147483647;
			files = (
				9C1F5A54FE4021A3C1500DB8 /* Pods_CXSwiftKit_Tests.framework in Frameworks */,
			);
			runOnlyForDeploymentPostprocessing = 0;
		};
/* End PBXFrameworksBuildPhase section */

/* Begin PBXGroup section */
		0430D01B0AB17E224B47F288 /* Frameworks */ = {
			isa = PBXGroup;
			children = (
				602685A8AB27453ECB711000 /* Pods_CXSwiftKit_Example.framework */,
				ADAA609F59616F7C42E66DEC /* Pods_CXSwiftKit_Tests.framework */,
			);
			name = Frameworks;
			sourceTree = "<group>";
		};
		49B6CEF92BCC3A28002FD85A /* HandyJSONHelper */ = {
			isa = PBXGroup;
			children = (
				49B6CEF82BCC3A28002FD85A /* HandyJSONHelper.swift */,
			);
			path = HandyJSONHelper;
			sourceTree = "<group>";
		};
		49B6CEFF2BCC3A28002FD85A /* CXNetWork */ = {
			isa = PBXGroup;
			children = (
				49B6CEFA2BCC3A28002FD85A /* CXNetWorkManager.swift */,
				49B6CEFB2BCC3A28002FD85A /* CXRequest.swift */,
				49B6CEFC2BCC3A28002FD85A /* CXRequestProtocol.swift */,
				49B6CEFD2BCC3A28002FD85A /* CXResponse.swift */,
				49B6CEFE2BCC3A28002FD85A /* CXResponseResult.swift */,
			);
			path = CXNetWork;
			sourceTree = "<group>";
		};
		607FACC71AFB9204008FA782 = {
			isa = PBXGroup;
			children = (
				498339112B24C67B0076E91A /* CXSwiftKit_Example.entitlements */,
				607FACF51AFB993E008FA782 /* Podspec Metadata */,
				607FACD21AFB9204008FA782 /* Example for CXSwiftKit */,
				607FACE81AFB9204008FA782 /* Tests */,
				607FACD11AFB9204008FA782 /* Products */,
				F3212A7C2463DCE1C6AC3D52 /* Pods */,
				0430D01B0AB17E224B47F288 /* Frameworks */,
			);
			sourceTree = "<group>";
		};
		607FACD11AFB9204008FA782 /* Products */ = {
			isa = PBXGroup;
			children = (
				607FACD01AFB9204008FA782 /* CXSwiftKit_Example.app */,
				607FACE51AFB9204008FA782 /* CXSwiftKit_Tests.xctest */,
			);
			name = Products;
			sourceTree = "<group>";
		};
		607FACD21AFB9204008FA782 /* Example for CXSwiftKit */ = {
			isa = PBXGroup;
			children = (
				607FACD51AFB9204008FA782 /* AppDelegate.swift */,
				607FACDC1AFB9204008FA782 /* Images.xcassets */,
				607FACDE1AFB9204008FA782 /* LaunchScreen.xib */,
				607FACD91AFB9204008FA782 /* Main.storyboard */,
				79EBFDAC2A6A4F7300242993 /* iOS */,
				795D684E2A284E840052B7C4 /* Resources */,
				607FACD31AFB9204008FA782 /* Supporting Files */,
				607FACD71AFB9204008FA782 /* ViewController.swift */,
				79B0314A2A64E56200FC85C8 /* CXSKE-Bridging-Header.h */,
			);
			name = "Example for CXSwiftKit";
			path = CXSwiftKit;
			sourceTree = "<group>";
		};
		607FACD31AFB9204008FA782 /* Supporting Files */ = {
			isa = PBXGroup;
			children = (
				607FACD41AFB9204008FA782 /* Info.plist */,
			);
			name = "Supporting Files";
			sourceTree = "<group>";
		};
		607FACE81AFB9204008FA782 /* Tests */ = {
			isa = PBXGroup;
			children = (
				607FACEB1AFB9204008FA782 /* Tests.swift */,
				607FACE91AFB9204008FA782 /* Supporting Files */,
			);
			path = Tests;
			sourceTree = "<group>";
		};
		607FACE91AFB9204008FA782 /* Supporting Files */ = {
			isa = PBXGroup;
			children = (
				607FACEA1AFB9204008FA782 /* Info.plist */,
			);
			name = "Supporting Files";
			sourceTree = "<group>";
		};
		607FACF51AFB993E008FA782 /* Podspec Metadata */ = {
			isa = PBXGroup;
			children = (
				E8197D471E76EAF5A5BA8FB1 /* CXSwiftKit.podspec */,
				2847EF40D8473230FB01DC52 /* README.md */,
				E8AB1DB8FFC25E06F1A95D1E /* LICENSE */,
			);
			name = "Podspec Metadata";
			sourceTree = "<group>";
		};
		795D684E2A284E840052B7C4 /* Resources */ = {
			isa = PBXGroup;
			children = (
				795D684F2A284E840052B7C4 /* 岁月神偷.mp3 */,
				795D68512A284E840052B7C4 /* BeautifulInWhite.aac */,
				795D68562A285F580052B7C4 /* panorama_0.jpg */,
				795D68572A285F580052B7C4 /* panorama_1.jpg */,
				795D68552A285F580052B7C4 /* panorama_3.jpg */,
				795D68502A284E840052B7C4 /* sample_320x240.mp4 */,
				79EBFE102A6A80F100242993 /* svga */,
			);
			path = Resources;
			sourceTree = "<group>";
		};
		79AA187C2A6F9923003FC0F3 /* Views */ = {
			isa = PBXGroup;
			children = (
				79AA187D2A6F9923003FC0F3 /* .gitkeep */,
				79AA18842A6FCF53003FC0F3 /* TransitionCollectionViewCell.swift */,
				79AA18852A6FCF53003FC0F3 /* TransitionCollectionViewCell.xib */,
			);
			path = Views;
			sourceTree = "<group>";
		};
		79EBFDAC2A6A4F7300242993 /* iOS */ = {
			isa = PBXGroup;
			children = (
				79EBFDAD2A6A4F7300242993 /* Modules */,
			);
			path = iOS;
			sourceTree = "<group>";
		};
		79EBFDAD2A6A4F7300242993 /* Modules */ = {
			isa = PBXGroup;
			children = (
				79EBFDDE2A6A4F7300242993 /* Base */,
				79EBFDC62A6A4F7300242993 /* Common */,
				79EBFDB82A6A4F7300242993 /* Home */,
				79EBFDD22A6A4F7300242993 /* Me */,
				79EBFE092A6A6E7500242993 /* Pages */,
				79EBFDAE2A6A4F7300242993 /* Settings */,
				79EBFDC42A6A4F7300242993 /* TabBar */,
				79EBFDDC2A6A4F7300242993 /* VPlayer */,
			);
			path = Modules;
			sourceTree = "<group>";
		};
		79EBFDAE2A6A4F7300242993 /* Settings */ = {
			isa = PBXGroup;
			children = (
				79EBFDB12A6A4F7300242993 /* Controller */,
				79EBFDB32A6A4F7300242993 /* Model */,
				79EBFDAF2A6A4F7300242993 /* Presenter */,
				79EBFDB72A6A4F7300242993 /* SettingsConfigurator.swift */,
				79EBFDB52A6A4F7300242993 /* View */,
			);
			path = Settings;
			sourceTree = "<group>";
		};
		79EBFDAF2A6A4F7300242993 /* Presenter */ = {
			isa = PBXGroup;
			children = (
				79EBFDB02A6A4F7300242993 /* SettingsPresenter.swift */,
			);
			path = Presenter;
			sourceTree = "<group>";
		};
		79EBFDB12A6A4F7300242993 /* Controller */ = {
			isa = PBXGroup;
			children = (
				79EBFDB22A6A4F7300242993 /* SettingsViewController.swift */,
			);
			path = Controller;
			sourceTree = "<group>";
		};
		79EBFDB32A6A4F7300242993 /* Model */ = {
			isa = PBXGroup;
			children = (
				79EBFDB42A6A4F7300242993 /* SettingsModel.swift */,
			);
			path = Model;
			sourceTree = "<group>";
		};
		79EBFDB52A6A4F7300242993 /* View */ = {
			isa = PBXGroup;
			children = (
				79EBFDB62A6A4F7300242993 /* SettingsView.swift */,
			);
			path = View;
			sourceTree = "<group>";
		};
		79EBFDB82A6A4F7300242993 /* Home */ = {
			isa = PBXGroup;
			children = (
				79EBFDBC2A6A4F7300242993 /* Controller */,
				79EBFDB92A6A4F7300242993 /* HomeConfigurator.swift */,
				79EBFDBE2A6A4F7300242993 /* Model */,
				79EBFDBA2A6A4F7300242993 /* Presenter */,
				79EBFDC02A6A4F7300242993 /* View */,
			);
			path = Home;
			sourceTree = "<group>";
		};
		79EBFDBA2A6A4F7300242993 /* Presenter */ = {
			isa = PBXGroup;
			children = (
				79EBFDBB2A6A4F7300242993 /* HomePresenter.swift */,
			);
			path = Presenter;
			sourceTree = "<group>";
		};
		79EBFDBC2A6A4F7300242993 /* Controller */ = {
			isa = PBXGroup;
			children = (
				79EBFDBD2A6A4F7300242993 /* HomeViewController.swift */,
			);
			path = Controller;
			sourceTree = "<group>";
		};
		79EBFDBE2A6A4F7300242993 /* Model */ = {
			isa = PBXGroup;
			children = (
				79EBFDBF2A6A4F7300242993 /* DataModel.swift */,
			);
			path = Model;
			sourceTree = "<group>";
		};
		79EBFDC02A6A4F7300242993 /* View */ = {
			isa = PBXGroup;
			children = (
				79EBFDC12A6A4F7300242993 /* HomeTableViewCell.swift */,
				79EBFDC32A6A4F7300242993 /* HomeTableViewCell.xib */,
				79EBFDC22A6A4F7300242993 /* HomeView.swift */,
			);
			path = View;
			sourceTree = "<group>";
		};
		79EBFDC42A6A4F7300242993 /* TabBar */ = {
			isa = PBXGroup;
			children = (
				79EBFDC52A6A4F7300242993 /* TabBarController.swift */,
			);
			path = TabBar;
			sourceTree = "<group>";
		};
		79EBFDC62A6A4F7300242993 /* Common */ = {
			isa = PBXGroup;
			children = (
				49B6CEFF2BCC3A28002FD85A /* CXNetWork */,
				49B6CEF92BCC3A28002FD85A /* HandyJSONHelper */,
				79EBFDC82A6A4F7300242993 /* ApiClient.swift */,
				79EBFDCB2A6A4F7300242993 /* ApiResponse.swift */,
				79EBFDC72A6A4F7300242993 /* DefaultURLSession.swift */,
				79EBFDCA2A6A4F7300242993 /* JSON.swift */,
				4983390D2B24BBA30076E91A /* ListModel.swift */,
				79F08FF22A70EB2600E1E46C /* NetworkReachability.swift */,
				79EBFDC92A6A4F7300242993 /* Result.swift */,
				79EBFDCC2A6A4F7300242993 /* URLSessionStub.swift */,
			);
			path = Common;
			sourceTree = "<group>";
		};
		79EBFDD22A6A4F7300242993 /* Me */ = {
			isa = PBXGroup;
			children = (
				79EBFDD62A6A4F7300242993 /* Controller */,
				79EBFDD32A6A4F7300242993 /* MineConfigurator.swift */,
				79EBFDD82A6A4F7300242993 /* Model */,
				79EBFDD42A6A4F7300242993 /* Presenter */,
				79EBFDDA2A6A4F7300242993 /* View */,
			);
			path = Me;
			sourceTree = "<group>";
		};
		79EBFDD42A6A4F7300242993 /* Presenter */ = {
			isa = PBXGroup;
			children = (
				79EBFDD52A6A4F7300242993 /* MinePresenter.swift */,
			);
			path = Presenter;
			sourceTree = "<group>";
		};
		79EBFDD62A6A4F7300242993 /* Controller */ = {
			isa = PBXGroup;
			children = (
				79EBFDD72A6A4F7300242993 /* MineViewController.swift */,
			);
			path = Controller;
			sourceTree = "<group>";
		};
		79EBFDD82A6A4F7300242993 /* Model */ = {
			isa = PBXGroup;
			children = (
				79EBFDD92A6A4F7300242993 /* MineModel.swift */,
			);
			path = Model;
			sourceTree = "<group>";
		};
		79EBFDDA2A6A4F7300242993 /* View */ = {
			isa = PBXGroup;
			children = (
				79EBFDDB2A6A4F7300242993 /* MineView.swift */,
			);
			path = View;
			sourceTree = "<group>";
		};
		79EBFDDC2A6A4F7300242993 /* VPlayer */ = {
			isa = PBXGroup;
			children = (
				79EBFDDD2A6A4F7300242993 /* VPlayerController.swift */,
			);
			path = VPlayer;
			sourceTree = "<group>";
		};
		79EBFDDE2A6A4F7300242993 /* Base */ = {
			isa = PBXGroup;
			children = (
				79EBFDE72A6A4F7300242993 /* Configurator */,
				79EBFDE12A6A4F7300242993 /* Controller */,
				79EBFDE32A6A4F7300242993 /* Model */,
				79EBFDDF2A6A4F7300242993 /* Presenter */,
				79EBFDE52A6A4F7300242993 /* View */,
			);
			path = Base;
			sourceTree = "<group>";
		};
		79EBFDDF2A6A4F7300242993 /* Presenter */ = {
			isa = PBXGroup;
			children = (
				79EBFDE02A6A4F7300242993 /* BasePresenter.swift */,
			);
			path = Presenter;
			sourceTree = "<group>";
		};
		79EBFDE12A6A4F7300242993 /* Controller */ = {
			isa = PBXGroup;
			children = (
				79EBFDE22A6A4F7300242993 /* BaseViewController.swift */,
			);
			path = Controller;
			sourceTree = "<group>";
		};
		79EBFDE32A6A4F7300242993 /* Model */ = {
			isa = PBXGroup;
			children = (
				79EBFDE42A6A4F7300242993 /* BaseModel.swift */,
			);
			path = Model;
			sourceTree = "<group>";
		};
		79EBFDE52A6A4F7300242993 /* View */ = {
			isa = PBXGroup;
			children = (
				79EBFDE62A6A4F7300242993 /* BaseView.swift */,
			);
			path = View;
			sourceTree = "<group>";
		};
		79EBFDE72A6A4F7300242993 /* Configurator */ = {
			isa = PBXGroup;
			children = (
				79EBFDE82A6A4F7300242993 /* Configurator.swift */,
			);
			path = Configurator;
			sourceTree = "<group>";
		};
		79EBFE092A6A6E7500242993 /* Pages */ = {
			isa = PBXGroup;
			children = (
				49C132FA2B25A153009D97F7 /* CustomOverlayViewController.swift */,
				79EBFE0B2A6A6E7500242993 /* DeviceInfoViewController.swift */,
				79F08FF42A70F38700E1E46C /* DocumentPickerController.swift */,
				79EBFE0A2A6A6E7500242993 /* EmptyDataViewController.swift */,
				79AE5BD62A721E4900A6126F /* LiveGiftViewController.swift */,
				79F090052A71091700E1E46C /* Models */,
				79AE5BD82A72362800A6126F /* NetworkViewController.swift */,
				79F0900B2A711D8500E1E46C /* OverlayViewController.swift */,
				79AE5BDE2A72449B00A6126F /* PermissionsViewController.swift */,
				79AA187E2A6F9923003FC0F3 /* PhotoLibraryViewController.swift */,
				790571042A73A909008D25D9 /* QuadCurveViewController.swift */,
				79EBFE0E2A6A802E00242993 /* SvgaViewController.swift */,
				79AA187F2A6F9923003FC0F3 /* TransitionViewController.swift */,
				79AA187C2A6F9923003FC0F3 /* Views */,
			);
			path = Pages;
			sourceTree = "<group>";
		};
		79EBFE102A6A80F100242993 /* svga */ = {
			isa = PBXGroup;
			children = (
				79EBFE112A6A80F100242993 /* Rocket.svga */,
				79EBFE122A6A80F100242993 /* heartbeat.svga */,
				79EBFE132A6A80F100242993 /* rose_2.0.0.svga */,
			);
			path = svga;
			sourceTree = "<group>";
		};
		79F090052A71091700E1E46C /* Models */ = {
			isa = PBXGroup;
			children = (
				79AE5BD42A721A8300A6126F /* AlbumModel.swift */,
				79F090062A71093600E1E46C /* DocumentModel.swift */,
				79AE5BDA2A723E8800A6126F /* MemberModel.swift */,
				79AE5BDB2A723E8800A6126F /* MemberRequestEntity.swift */,
				79AE5BE02A725B9E00A6126F /* PermissionModel.swift */,
			);
			path = Models;
			sourceTree = "<group>";
		};
		F3212A7C2463DCE1C6AC3D52 /* Pods */ = {
			isa = PBXGroup;
			children = (
				0E5E5D228A2BD536134332C6 /* Pods-CXSwiftKit_Example.debug.xcconfig */,
				74CDDAC5C9E81B7F844AC099 /* Pods-CXSwiftKit_Example.release.xcconfig */,
				6545D8A63F03BE22F910D553 /* Pods-CXSwiftKit_Tests.debug.xcconfig */,
				A5B7B73DF2AABE01658810DF /* Pods-CXSwiftKit_Tests.release.xcconfig */,
			);
			path = Pods;
			sourceTree = "<group>";
		};
/* End PBXGroup section */

/* Begin PBXNativeTarget section */
		607FACCF1AFB9204008FA782 /* CXSwiftKit_Example */ = {
			isa = PBXNativeTarget;
			buildConfigurationList = 607FACEF1AFB9204008FA782 /* Build configuration list for PBXNativeTarget "CXSwiftKit_Example" */;
			buildPhases = (
				3A2AF65E033842E15127B558 /* [CP] Check Pods Manifest.lock */,
				607FACCC1AFB9204008FA782 /* Sources */,
				607FACCD1AFB9204008FA782 /* Frameworks */,
				607FACCE1AFB9204008FA782 /* Resources */,
				AE416D5C4FDD0DD313380602 /* [CP] Embed Pods Frameworks */,
			);
			buildRules = (
			);
			dependencies = (
			);
			name = CXSwiftKit_Example;
			productName = CXSwiftKit;
			productReference = 607FACD01AFB9204008FA782 /* CXSwiftKit_Example.app */;
			productType = "com.apple.product-type.application";
		};
		607FACE41AFB9204008FA782 /* CXSwiftKit_Tests */ = {
			isa = PBXNativeTarget;
			buildConfigurationList = 607FACF21AFB9204008FA782 /* Build configuration list for PBXNativeTarget "CXSwiftKit_Tests" */;
			buildPhases = (
				C60A890A91B56903BA1FA7BE /* [CP] Check Pods Manifest.lock */,
				607FACE11AFB9204008FA782 /* Sources */,
				607FACE21AFB9204008FA782 /* Frameworks */,
				607FACE31AFB9204008FA782 /* Resources */,
			);
			buildRules = (
			);
			dependencies = (
				607FACE71AFB9204008FA782 /* PBXTargetDependency */,
			);
			name = CXSwiftKit_Tests;
			productName = Tests;
			productReference = 607FACE51AFB9204008FA782 /* CXSwiftKit_Tests.xctest */;
			productType = "com.apple.product-type.bundle.unit-test";
		};
/* End PBXNativeTarget section */

/* Begin PBXProject section */
		607FACC81AFB9204008FA782 /* Project object */ = {
			isa = PBXProject;
			attributes = {
				LastSwiftUpdateCheck = 0830;
				LastUpgradeCheck = 0830;
				ORGANIZATIONNAME = CocoaPods;
				TargetAttributes = {
					607FACCF1AFB9204008FA782 = {
						CreatedOnToolsVersion = 6.3.1;
						DevelopmentTeam = WL2647US2R;
						LastSwiftMigration = 1420;
					};
					607FACE41AFB9204008FA782 = {
						CreatedOnToolsVersion = 6.3.1;
						DevelopmentTeam = WL2647US2R;
						LastSwiftMigration = "";
						TestTargetID = 607FACCF1AFB9204008FA782;
					};
				};
			};
			buildConfigurationList = 607FACCB1AFB9204008FA782 /* Build configuration list for PBXProject "CXSwiftKit" */;
			compatibilityVersion = "Xcode 3.2";
			developmentRegion = English;
			hasScannedForEncodings = 0;
			knownRegions = (
				English,
				en,
				Base,
			);
			mainGroup = 607FACC71AFB9204008FA782;
			productRefGroup = 607FACD11AFB9204008FA782 /* Products */;
			projectDirPath = "";
			projectRoot = "";
			targets = (
				607FACCF1AFB9204008FA782 /* CXSwiftKit_Example */,
				607FACE41AFB9204008FA782 /* CXSwiftKit_Tests */,
			);
		};
/* End PBXProject section */

/* Begin PBXResourcesBuildPhase section */
		607FACCE1AFB9204008FA782 /* Resources */ = {
			isa = PBXResourcesBuildPhase;
			buildActionMask = 2147483647;
			files = (
				795D68582A285F580052B7C4 /* panorama_3.jpg in Resources */,
				79EBFE152A6A80F100242993 /* heartbeat.svga in Resources */,
				795D685A2A285F580052B7C4 /* panorama_1.jpg in Resources */,
				795D68542A284E840052B7C4 /* BeautifulInWhite.aac in Resources */,
				607FACDB1AFB9204008FA782 /* Main.storyboard in Resources */,
				79AA18872A6FCF53003FC0F3 /* TransitionCollectionViewCell.xib in Resources */,
				79EBFE162A6A80F100242993 /* rose_2.0.0.svga in Resources */,
				795D68592A285F580052B7C4 /* panorama_0.jpg in Resources */,
				795D68522A284E840052B7C4 /* 岁月神偷.mp3 in Resources */,
				607FACE01AFB9204008FA782 /* LaunchScreen.xib in Resources */,
				79EBFE142A6A80F100242993 /* Rocket.svga in Resources */,
				795D68532A284E840052B7C4 /* sample_320x240.mp4 in Resources */,
				79EBFDF42A6A4F7400242993 /* HomeTableViewCell.xib in Resources */,
				607FACDD1AFB9204008FA782 /* Images.xcassets in Resources */,
				79AA18802A6F9923003FC0F3 /* .gitkeep in Resources */,
			);
			runOnlyForDeploymentPostprocessing = 0;
		};
		607FACE31AFB9204008FA782 /* Resources */ = {
			isa = PBXResourcesBuildPhase;
			buildActionMask = 2147483647;
			files = (
			);
			runOnlyForDeploymentPostprocessing = 0;
		};
/* End PBXResourcesBuildPhase section */

/* Begin PBXShellScriptBuildPhase section */
		3A2AF65E033842E15127B558 /* [CP] Check Pods Manifest.lock */ = {
			isa = PBXShellScriptBuildPhase;
			buildActionMask = 2147483647;
			files = (
			);
			inputFileListPaths = (
			);
			inputPaths = (
				"${PODS_PODFILE_DIR_PATH}/Podfile.lock",
				"${PODS_ROOT}/Manifest.lock",
			);
			name = "[CP] Check Pods Manifest.lock";
			outputFileListPaths = (
			);
			outputPaths = (
				"$(DERIVED_FILE_DIR)/Pods-CXSwiftKit_Example-checkManifestLockResult.txt",
			);
			runOnlyForDeploymentPostprocessing = 0;
			shellPath = /bin/sh;
			shellScript = "diff \"${PODS_PODFILE_DIR_PATH}/Podfile.lock\" \"${PODS_ROOT}/Manifest.lock\" > /dev/null\nif [ $? != 0 ] ; then\n    # print error to STDERR\n    echo \"error: The sandbox is not in sync with the Podfile.lock. Run 'pod install' or update your CocoaPods installation.\" >&2\n    exit 1\nfi\n# This output is used by Xcode 'outputs' to avoid re-running this script phase.\necho \"SUCCESS\" > \"${SCRIPT_OUTPUT_FILE_0}\"\n";
			showEnvVarsInLog = 0;
		};
		AE416D5C4FDD0DD313380602 /* [CP] Embed Pods Frameworks */ = {
			isa = PBXShellScriptBuildPhase;
			buildActionMask = 2147483647;
			files = (
			);
			inputPaths = (
				"${PODS_ROOT}/Target Support Files/Pods-CXSwiftKit_Example/Pods-CXSwiftKit_Example-frameworks.sh",
				"${BUILT_PRODUCTS_DIR}/Alamofire/Alamofire.framework",
				"${BUILT_PRODUCTS_DIR}/CXSwiftKit/CXSwiftKit.framework",
				"${BUILT_PRODUCTS_DIR}/DYFSwiftKeychain/DYFSwiftKeychain.framework",
				"${BUILT_PRODUCTS_DIR}/DZNEmptyDataSet/DZNEmptyDataSet.framework",
				"${BUILT_PRODUCTS_DIR}/Differentiator/Differentiator.framework",
				"${BUILT_PRODUCTS_DIR}/HandyJSON/HandyJSON.framework",
				"${BUILT_PRODUCTS_DIR}/KafkaRefresh/KafkaRefresh.framework",
				"${BUILT_PRODUCTS_DIR}/Kingfisher/Kingfisher.framework",
				"${BUILT_PRODUCTS_DIR}/MJRefresh/MJRefresh.framework",
				"${BUILT_PRODUCTS_DIR}/MarsUIKit/MarsUIKit.framework",
				"${BUILT_PRODUCTS_DIR}/Moya/Moya.framework",
				"${BUILT_PRODUCTS_DIR}/OverlayController/OverlayController.framework",
				"${BUILT_PRODUCTS_DIR}/Protobuf/Protobuf.framework",
				"${BUILT_PRODUCTS_DIR}/RxCocoa/RxCocoa.framework",
				"${BUILT_PRODUCTS_DIR}/RxDataSources/RxDataSources.framework",
				"${BUILT_PRODUCTS_DIR}/RxListDataSource/RxListDataSource.framework",
				"${BUILT_PRODUCTS_DIR}/RxRelay/RxRelay.framework",
				"${BUILT_PRODUCTS_DIR}/RxSwift/RxSwift.framework",
				"${BUILT_PRODUCTS_DIR}/SDWebImage/SDWebImage.framework",
				"${BUILT_PRODUCTS_DIR}/SSZipArchive/SSZipArchive.framework",
				"${BUILT_PRODUCTS_DIR}/SVProgressHUD/SVProgressHUD.framework",
				"${BUILT_PRODUCTS_DIR}/SwiftMessages/SwiftMessages.framework",
				"${BUILT_PRODUCTS_DIR}/Toast-Swift/Toast_Swift.framework",
				"${BUILT_PRODUCTS_DIR}/Toaster/Toaster.framework",
				"${PODS_XCFRAMEWORKS_BUILD_DIR}/MarsUIKit/SVGA/SVGAPlayer.framework/SVGAPlayer",
			);
			name = "[CP] Embed Pods Frameworks";
			outputPaths = (
				"${TARGET_BUILD_DIR}/${FRAMEWORKS_FOLDER_PATH}/Alamofire.framework",
				"${TARGET_BUILD_DIR}/${FRAMEWORKS_FOLDER_PATH}/CXSwiftKit.framework",
				"${TARGET_BUILD_DIR}/${FRAMEWORKS_FOLDER_PATH}/DYFSwiftKeychain.framework",
				"${TARGET_BUILD_DIR}/${FRAMEWORKS_FOLDER_PATH}/DZNEmptyDataSet.framework",
				"${TARGET_BUILD_DIR}/${FRAMEWORKS_FOLDER_PATH}/Differentiator.framework",
				"${TARGET_BUILD_DIR}/${FRAMEWORKS_FOLDER_PATH}/HandyJSON.framework",
				"${TARGET_BUILD_DIR}/${FRAMEWORKS_FOLDER_PATH}/KafkaRefresh.framework",
				"${TARGET_BUILD_DIR}/${FRAMEWORKS_FOLDER_PATH}/Kingfisher.framework",
				"${TARGET_BUILD_DIR}/${FRAMEWORKS_FOLDER_PATH}/MJRefresh.framework",
				"${TARGET_BUILD_DIR}/${FRAMEWORKS_FOLDER_PATH}/MarsUIKit.framework",
				"${TARGET_BUILD_DIR}/${FRAMEWORKS_FOLDER_PATH}/Moya.framework",
				"${TARGET_BUILD_DIR}/${FRAMEWORKS_FOLDER_PATH}/OverlayController.framework",
				"${TARGET_BUILD_DIR}/${FRAMEWORKS_FOLDER_PATH}/Protobuf.framework",
				"${TARGET_BUILD_DIR}/${FRAMEWORKS_FOLDER_PATH}/RxCocoa.framework",
				"${TARGET_BUILD_DIR}/${FRAMEWORKS_FOLDER_PATH}/RxDataSources.framework",
				"${TARGET_BUILD_DIR}/${FRAMEWORKS_FOLDER_PATH}/RxListDataSource.framework",
				"${TARGET_BUILD_DIR}/${FRAMEWORKS_FOLDER_PATH}/RxRelay.framework",
				"${TARGET_BUILD_DIR}/${FRAMEWORKS_FOLDER_PATH}/RxSwift.framework",
				"${TARGET_BUILD_DIR}/${FRAMEWORKS_FOLDER_PATH}/SDWebImage.framework",
				"${TARGET_BUILD_DIR}/${FRAMEWORKS_FOLDER_PATH}/SSZipArchive.framework",
				"${TARGET_BUILD_DIR}/${FRAMEWORKS_FOLDER_PATH}/SVProgressHUD.framework",
				"${TARGET_BUILD_DIR}/${FRAMEWORKS_FOLDER_PATH}/SwiftMessages.framework",
				"${TARGET_BUILD_DIR}/${FRAMEWORKS_FOLDER_PATH}/Toast_Swift.framework",
				"${TARGET_BUILD_DIR}/${FRAMEWORKS_FOLDER_PATH}/Toaster.framework",
				"${TARGET_BUILD_DIR}/${FRAMEWORKS_FOLDER_PATH}/SVGAPlayer.framework",
			);
			runOnlyForDeploymentPostprocessing = 0;
			shellPath = /bin/sh;
			shellScript = "\"${PODS_ROOT}/Target Support Files/Pods-CXSwiftKit_Example/Pods-CXSwiftKit_Example-frameworks.sh\"\n";
			showEnvVarsInLog = 0;
		};
		C60A890A91B56903BA1FA7BE /* [CP] Check Pods Manifest.lock */ = {
			isa = PBXShellScriptBuildPhase;
			buildActionMask = 2147483647;
			files = (
			);
			inputFileListPaths = (
			);
			inputPaths = (
				"${PODS_PODFILE_DIR_PATH}/Podfile.lock",
				"${PODS_ROOT}/Manifest.lock",
			);
			name = "[CP] Check Pods Manifest.lock";
			outputFileListPaths = (
			);
			outputPaths = (
				"$(DERIVED_FILE_DIR)/Pods-CXSwiftKit_Tests-checkManifestLockResult.txt",
			);
			runOnlyForDeploymentPostprocessing = 0;
			shellPath = /bin/sh;
			shellScript = "diff \"${PODS_PODFILE_DIR_PATH}/Podfile.lock\" \"${PODS_ROOT}/Manifest.lock\" > /dev/null\nif [ $? != 0 ] ; then\n    # print error to STDERR\n    echo \"error: The sandbox is not in sync with the Podfile.lock. Run 'pod install' or update your CocoaPods installation.\" >&2\n    exit 1\nfi\n# This output is used by Xcode 'outputs' to avoid re-running this script phase.\necho \"SUCCESS\" > \"${SCRIPT_OUTPUT_FILE_0}\"\n";
			showEnvVarsInLog = 0;
		};
/* End PBXShellScriptBuildPhase section */

/* Begin PBXSourcesBuildPhase section */
		607FACCC1AFB9204008FA782 /* Sources */ = {
			isa = PBXSourcesBuildPhase;
			buildActionMask = 2147483647;
			files = (
				79AA18822A6F9923003FC0F3 /* TransitionViewController.swift in Sources */,
				79F08FF32A70EB2600E1E46C /* NetworkReachability.swift in Sources */,
				79EBFE0C2A6A6E7500242993 /* EmptyDataViewController.swift in Sources */,
				49C132FB2B25A153009D97F7 /* CustomOverlayViewController.swift in Sources */,
				607FACD81AFB9204008FA782 /* ViewController.swift in Sources */,
				79AE5BD72A721E4900A6126F /* LiveGiftViewController.swift in Sources */,
				49B6CF052BCC3A29002FD85A /* CXResponseResult.swift in Sources */,
				79AA18812A6F9923003FC0F3 /* PhotoLibraryViewController.swift in Sources */,
				79EBFE082A6A4F7400242993 /* Configurator.swift in Sources */,
				790571052A73A909008D25D9 /* QuadCurveViewController.swift in Sources */,
				79EBFDEB2A6A4F7400242993 /* SettingsModel.swift in Sources */,
				79F0900C2A711D8500E1E46C /* OverlayViewController.swift in Sources */,
				79EBFDF32A6A4F7400242993 /* HomeView.swift in Sources */,
				79F08FF52A70F38700E1E46C /* DocumentPickerController.swift in Sources */,
				79EBFDF92A6A4F7400242993 /* JSON.swift in Sources */,
				79EBFE012A6A4F7400242993 /* MineModel.swift in Sources */,
				79EBFE0F2A6A802E00242993 /* SvgaViewController.swift in Sources */,
				79F090072A71093600E1E46C /* DocumentModel.swift in Sources */,
				79AE5BDF2A72449B00A6126F /* PermissionsViewController.swift in Sources */,
				79EBFE052A6A4F7400242993 /* BaseViewController.swift in Sources */,
				79EBFE0D2A6A6E7500242993 /* DeviceInfoViewController.swift in Sources */,
				79EBFDF72A6A4F7400242993 /* ApiClient.swift in Sources */,
				79EBFDF12A6A4F7400242993 /* DataModel.swift in Sources */,
				607FACD61AFB9204008FA782 /* AppDelegate.swift in Sources */,
				79EBFDEC2A6A4F7400242993 /* SettingsView.swift in Sources */,
				79EBFE022A6A4F7400242993 /* MineView.swift in Sources */,
				79EBFE002A6A4F7400242993 /* MineViewController.swift in Sources */,
				79AA18862A6FCF53003FC0F3 /* TransitionCollectionViewCell.swift in Sources */,
				49B6CF012BCC3A29002FD85A /* CXNetWorkManager.swift in Sources */,
				79EBFE042A6A4F7400242993 /* BasePresenter.swift in Sources */,
				79EBFDED2A6A4F7400242993 /* SettingsConfigurator.swift in Sources */,
				79EBFDF22A6A4F7400242993 /* HomeTableViewCell.swift in Sources */,
				49B6CF002BCC3A29002FD85A /* HandyJSONHelper.swift in Sources */,
				79EBFDFA2A6A4F7400242993 /* ApiResponse.swift in Sources */,
				79EBFDF02A6A4F7400242993 /* HomeViewController.swift in Sources */,
				79AE5BD52A721A8300A6126F /* AlbumModel.swift in Sources */,
				79EBFDF62A6A4F7400242993 /* DefaultURLSession.swift in Sources */,
				79EBFDEE2A6A4F7400242993 /* HomeConfigurator.swift in Sources */,
				49B6CF042BCC3A29002FD85A /* CXResponse.swift in Sources */,
				49B6CF032BCC3A29002FD85A /* CXRequestProtocol.swift in Sources */,
				79EBFDEF2A6A4F7400242993 /* HomePresenter.swift in Sources */,
				79EBFDF52A6A4F7400242993 /* TabBarController.swift in Sources */,
				79AE5BDC2A723E8800A6126F /* MemberModel.swift in Sources */,
				79AE5BD92A72362800A6126F /* NetworkViewController.swift in Sources */,
				79EBFDFE2A6A4F7400242993 /* MineConfigurator.swift in Sources */,
				79EBFDFB2A6A4F7400242993 /* URLSessionStub.swift in Sources */,
				79EBFDF82A6A4F7400242993 /* Result.swift in Sources */,
				79EBFDE92A6A4F7400242993 /* SettingsPresenter.swift in Sources */,
				79AE5BE12A725B9E00A6126F /* PermissionModel.swift in Sources */,
				79EBFE062A6A4F7400242993 /* BaseModel.swift in Sources */,
				79EBFE032A6A4F7400242993 /* VPlayerController.swift in Sources */,
				79EBFDEA2A6A4F7400242993 /* SettingsViewController.swift in Sources */,
				79AE5BDD2A723E8800A6126F /* MemberRequestEntity.swift in Sources */,
				79EBFDFF2A6A4F7400242993 /* MinePresenter.swift in Sources */,
				79EBFE072A6A4F7400242993 /* BaseView.swift in Sources */,
				49B6CF022BCC3A29002FD85A /* CXRequest.swift in Sources */,
				4983390F2B24BBA30076E91A /* ListModel.swift in Sources */,
			);
			runOnlyForDeploymentPostprocessing = 0;
		};
		607FACE11AFB9204008FA782 /* Sources */ = {
			isa = PBXSourcesBuildPhase;
			buildActionMask = 2147483647;
			files = (
				607FACEC1AFB9204008FA782 /* Tests.swift in Sources */,
			);
			runOnlyForDeploymentPostprocessing = 0;
		};
/* End PBXSourcesBuildPhase section */

/* Begin PBXTargetDependency section */
		607FACE71AFB9204008FA782 /* PBXTargetDependency */ = {
			isa = PBXTargetDependency;
			target = 607FACCF1AFB9204008FA782 /* CXSwiftKit_Example */;
			targetProxy = 607FACE61AFB9204008FA782 /* PBXContainerItemProxy */;
		};
/* End PBXTargetDependency section */

/* Begin PBXVariantGroup section */
		607FACD91AFB9204008FA782 /* Main.storyboard */ = {
			isa = PBXVariantGroup;
			children = (
				607FACDA1AFB9204008FA782 /* Base */,
			);
			name = Main.storyboard;
			sourceTree = "<group>";
		};
		607FACDE1AFB9204008FA782 /* LaunchScreen.xib */ = {
			isa = PBXVariantGroup;
			children = (
				607FACDF1AFB9204008FA782 /* Base */,
			);
			name = LaunchScreen.xib;
			sourceTree = "<group>";
		};
/* End PBXVariantGroup section */

/* Begin XCBuildConfiguration section */
		607FACED1AFB9204008FA782 /* Debug */ = {
			isa = XCBuildConfiguration;
			buildSettings = {
				ALWAYS_SEARCH_USER_PATHS = NO;
				CLANG_CXX_LANGUAGE_STANDARD = "gnu++0x";
				CLANG_CXX_LIBRARY = "libc++";
				CLANG_ENABLE_MODULES = YES;
				CLANG_ENABLE_OBJC_ARC = YES;
				CLANG_WARN_BLOCK_CAPTURE_AUTORELEASING = YES;
				CLANG_WARN_BOOL_CONVERSION = YES;
				CLANG_WARN_COMMA = YES;
				CLANG_WARN_CONSTANT_CONVERSION = YES;
				CLANG_WARN_DIRECT_OBJC_ISA_USAGE = YES_ERROR;
				CLANG_WARN_EMPTY_BODY = YES;
				CLANG_WARN_ENUM_CONVERSION = YES;
				CLANG_WARN_INFINITE_RECURSION = YES;
				CLANG_WARN_INT_CONVERSION = YES;
				CLANG_WARN_NON_LITERAL_NULL_CONVERSION = YES;
				CLANG_WARN_OBJC_LITERAL_CONVERSION = YES;
				CLANG_WARN_OBJC_ROOT_CLASS = YES_ERROR;
				CLANG_WARN_RANGE_LOOP_ANALYSIS = YES;
				CLANG_WARN_STRICT_PROTOTYPES = YES;
				CLANG_WARN_SUSPICIOUS_MOVE = YES;
				CLANG_WARN_UNREACHABLE_CODE = YES;
				CLANG_WARN__DUPLICATE_METHOD_MATCH = YES;
				"CODE_SIGN_IDENTITY[sdk=iphoneos*]" = "iPhone Developer";
				COPY_PHASE_STRIP = NO;
				DEBUG_INFORMATION_FORMAT = "dwarf-with-dsym";
				ENABLE_STRICT_OBJC_MSGSEND = YES;
				ENABLE_TESTABILITY = YES;
				GCC_C_LANGUAGE_STANDARD = gnu99;
				GCC_DYNAMIC_NO_PIC = NO;
				GCC_NO_COMMON_BLOCKS = YES;
				GCC_OPTIMIZATION_LEVEL = 0;
				GCC_PREPROCESSOR_DEFINITIONS = (
					"DEBUG=1",
					"$(inherited)",
				);
				GCC_SYMBOLS_PRIVATE_EXTERN = NO;
				GCC_WARN_64_TO_32_BIT_CONVERSION = YES;
				GCC_WARN_ABOUT_RETURN_TYPE = YES_ERROR;
				GCC_WARN_UNDECLARED_SELECTOR = YES;
				GCC_WARN_UNINITIALIZED_AUTOS = YES_AGGRESSIVE;
				GCC_WARN_UNUSED_FUNCTION = YES;
				GCC_WARN_UNUSED_VARIABLE = YES;
				IPHONEOS_DEPLOYMENT_TARGET = 12.0;
				MTL_ENABLE_DEBUG_INFO = YES;
				ONLY_ACTIVE_ARCH = YES;
				SDKROOT = iphoneos;
				SWIFT_OPTIMIZATION_LEVEL = "-Onone";
			};
			name = Debug;
		};
		607FACEE1AFB9204008FA782 /* Release */ = {
			isa = XCBuildConfiguration;
			buildSettings = {
				ALWAYS_SEARCH_USER_PATHS = NO;
				CLANG_CXX_LANGUAGE_STANDARD = "gnu++0x";
				CLANG_CXX_LIBRARY = "libc++";
				CLANG_ENABLE_MODULES = YES;
				CLANG_ENABLE_OBJC_ARC = YES;
				CLANG_WARN_BLOCK_CAPTURE_AUTORELEASING = YES;
				CLANG_WARN_BOOL_CONVERSION = YES;
				CLANG_WARN_COMMA = YES;
				CLANG_WARN_CONSTANT_CONVERSION = YES;
				CLANG_WARN_DIRECT_OBJC_ISA_USAGE = YES_ERROR;
				CLANG_WARN_EMPTY_BODY = YES;
				CLANG_WARN_ENUM_CONVERSION = YES;
				CLANG_WARN_INFINITE_RECURSION = YES;
				CLANG_WARN_INT_CONVERSION = YES;
				CLANG_WARN_NON_LITERAL_NULL_CONVERSION = YES;
				CLANG_WARN_OBJC_LITERAL_CONVERSION = YES;
				CLANG_WARN_OBJC_ROOT_CLASS = YES_ERROR;
				CLANG_WARN_RANGE_LOOP_ANALYSIS = YES;
				CLANG_WARN_STRICT_PROTOTYPES = YES;
				CLANG_WARN_SUSPICIOUS_MOVE = YES;
				CLANG_WARN_UNREACHABLE_CODE = YES;
				CLANG_WARN__DUPLICATE_METHOD_MATCH = YES;
				"CODE_SIGN_IDENTITY[sdk=iphoneos*]" = "iPhone Developer";
				COPY_PHASE_STRIP = NO;
				DEBUG_INFORMATION_FORMAT = "dwarf-with-dsym";
				ENABLE_NS_ASSERTIONS = NO;
				ENABLE_STRICT_OBJC_MSGSEND = YES;
				GCC_C_LANGUAGE_STANDARD = gnu99;
				GCC_NO_COMMON_BLOCKS = YES;
				GCC_WARN_64_TO_32_BIT_CONVERSION = YES;
				GCC_WARN_ABOUT_RETURN_TYPE = YES_ERROR;
				GCC_WARN_UNDECLARED_SELECTOR = YES;
				GCC_WARN_UNINITIALIZED_AUTOS = YES_AGGRESSIVE;
				GCC_WARN_UNUSED_FUNCTION = YES;
				GCC_WARN_UNUSED_VARIABLE = YES;
				IPHONEOS_DEPLOYMENT_TARGET = 12.0;
				MTL_ENABLE_DEBUG_INFO = NO;
				SDKROOT = iphoneos;
				SWIFT_OPTIMIZATION_LEVEL = "-Owholemodule";
				VALIDATE_PRODUCT = YES;
			};
			name = Release;
		};
		607FACF01AFB9204008FA782 /* Debug */ = {
			isa = XCBuildConfiguration;
			baseConfigurationReference = 0E5E5D228A2BD536134332C6 /* Pods-CXSwiftKit_Example.debug.xcconfig */;
			buildSettings = {
				ASSETCATALOG_COMPILER_APPICON_NAME = AppIcon;
				CLANG_CXX_LANGUAGE_STANDARD = "gnu++14";
				CLANG_ENABLE_MODULES = YES;
				CODE_SIGN_ENTITLEMENTS = CXSwiftKit_Example.entitlements;
				CURRENT_PROJECT_VERSION = 0412;
				DEVELOPMENT_TEAM = WL2647US2R;
				GCC_C_LANGUAGE_STANDARD = gnu11;
				INFOPLIST_FILE = CXSwiftKit/Info.plist;
				INFOPLIST_KEY_CFBundleDisplayName = CXSK;
				IPHONEOS_DEPLOYMENT_TARGET = 12.0;
				LD_RUNPATH_SEARCH_PATHS = "$(inherited) @executable_path/Frameworks";
				MARKETING_VERSION = 2.0.1;
				MODULE_NAME = ExampleApp;
				PRODUCT_BUNDLE_IDENTIFIER = org.cocoapods.demo.cxswiftkit;
				PRODUCT_NAME = "$(TARGET_NAME)";
				SWIFT_OBJC_BRIDGING_HEADER = "CXSwiftKit/CXSKE-Bridging-Header.h";
				SWIFT_OPTIMIZATION_LEVEL = "-Onone";
				SWIFT_SWIFT3_OBJC_INFERENCE = Default;
				SWIFT_VERSION = 5.0;
			};
			name = Debug;
		};
		607FACF11AFB9204008FA782 /* Release */ = {
			isa = XCBuildConfiguration;
			baseConfigurationReference = 74CDDAC5C9E81B7F844AC099 /* Pods-CXSwiftKit_Example.release.xcconfig */;
			buildSettings = {
				ASSETCATALOG_COMPILER_APPICON_NAME = AppIcon;
				CLANG_CXX_LANGUAGE_STANDARD = "gnu++14";
				CLANG_ENABLE_MODULES = YES;
				CODE_SIGN_ENTITLEMENTS = CXSwiftKit_Example.entitlements;
				CURRENT_PROJECT_VERSION = 0412;
				DEVELOPMENT_TEAM = WL2647US2R;
				GCC_C_LANGUAGE_STANDARD = gnu11;
				INFOPLIST_FILE = CXSwiftKit/Info.plist;
				INFOPLIST_KEY_CFBundleDisplayName = CXSK;
				IPHONEOS_DEPLOYMENT_TARGET = 12.0;
				LD_RUNPATH_SEARCH_PATHS = "$(inherited) @executable_path/Frameworks";
				MARKETING_VERSION = 2.0.1;
				MODULE_NAME = ExampleApp;
				PRODUCT_BUNDLE_IDENTIFIER = org.cocoapods.demo.cxswiftkit;
				PRODUCT_NAME = "$(TARGET_NAME)";
				SWIFT_OBJC_BRIDGING_HEADER = "CXSwiftKit/CXSKE-Bridging-Header.h";
				SWIFT_SWIFT3_OBJC_INFERENCE = Default;
				SWIFT_VERSION = 5.0;
			};
			name = Release;
		};
		607FACF31AFB9204008FA782 /* Debug */ = {
			isa = XCBuildConfiguration;
			baseConfigurationReference = 6545D8A63F03BE22F910D553 /* Pods-CXSwiftKit_Tests.debug.xcconfig */;
			buildSettings = {
				DEVELOPMENT_TEAM = WL2647US2R;
				FRAMEWORK_SEARCH_PATHS = (
					"$(PLATFORM_DIR)/Developer/Library/Frameworks",
					"$(inherited)",
				);
				GCC_PREPROCESSOR_DEFINITIONS = (
					"DEBUG=1",
					"$(inherited)",
				);
				INFOPLIST_FILE = Tests/Info.plist;
				IPHONEOS_DEPLOYMENT_TARGET = 11.0;
				LD_RUNPATH_SEARCH_PATHS = "$(inherited) @executable_path/Frameworks @loader_path/Frameworks";
				PRODUCT_BUNDLE_IDENTIFIER = "org.cocoapods.$(PRODUCT_NAME:rfc1034identifier)";
				PRODUCT_NAME = "$(TARGET_NAME)";
				SWIFT_SWIFT3_OBJC_INFERENCE = Default;
				SWIFT_VERSION = 5.0;
				TEST_HOST = "$(BUILT_PRODUCTS_DIR)/CXSwiftKit_Example.app/CXSwiftKit_Example";
			};
			name = Debug;
		};
		607FACF41AFB9204008FA782 /* Release */ = {
			isa = XCBuildConfiguration;
			baseConfigurationReference = A5B7B73DF2AABE01658810DF /* Pods-CXSwiftKit_Tests.release.xcconfig */;
			buildSettings = {
				DEVELOPMENT_TEAM = WL2647US2R;
				FRAMEWORK_SEARCH_PATHS = (
					"$(PLATFORM_DIR)/Developer/Library/Frameworks",
					"$(inherited)",
				);
				INFOPLIST_FILE = Tests/Info.plist;
				IPHONEOS_DEPLOYMENT_TARGET = 11.0;
				LD_RUNPATH_SEARCH_PATHS = "$(inherited) @executable_path/Frameworks @loader_path/Frameworks";
				PRODUCT_BUNDLE_IDENTIFIER = "org.cocoapods.$(PRODUCT_NAME:rfc1034identifier)";
				PRODUCT_NAME = "$(TARGET_NAME)";
				SWIFT_SWIFT3_OBJC_INFERENCE = Default;
				SWIFT_VERSION = 5.0;
				TEST_HOST = "$(BUILT_PRODUCTS_DIR)/CXSwiftKit_Example.app/CXSwiftKit_Example";
			};
			name = Release;
		};
/* End XCBuildConfiguration section */

/* Begin XCConfigurationList section */
		607FACCB1AFB9204008FA782 /* Build configuration list for PBXProject "CXSwiftKit" */ = {
			isa = XCConfigurationList;
			buildConfigurations = (
				607FACED1AFB9204008FA782 /* Debug */,
				607FACEE1AFB9204008FA782 /* Release */,
			);
			defaultConfigurationIsVisible = 0;
			defaultConfigurationName = Release;
		};
		607FACEF1AFB9204008FA782 /* Build configuration list for PBXNativeTarget "CXSwiftKit_Example" */ = {
			isa = XCConfigurationList;
			buildConfigurations = (
				607FACF01AFB9204008FA782 /* Debug */,
				607FACF11AFB9204008FA782 /* Release */,
			);
			defaultConfigurationIsVisible = 0;
			defaultConfigurationName = Release;
		};
		607FACF21AFB9204008FA782 /* Build configuration list for PBXNativeTarget "CXSwiftKit_Tests" */ = {
			isa = XCConfigurationList;
			buildConfigurations = (
				607FACF31AFB9204008FA782 /* Debug */,
				607FACF41AFB9204008FA782 /* Release */,
			);
			defaultConfigurationIsVisible = 0;
			defaultConfigurationName = Release;
		};
/* End XCConfigurationList section */
	};
	rootObject = 607FACC81AFB9204008FA782 /* Project object */;
}
